
Microsoft Visual Studio Solution File, Format Version 12.00
# Visual Studio Version 16
VisualStudioVersion = 16.0.30225.117
MinimumVisualStudioVersion = 10.0.40219.1
Project("{8BC9CEB8-8B4A-11D0-8D11-00A0C91BC942}") = "gen_unicode_hpp", "gen_unicode_hpp.vcxproj", "{232C8F48-48B2-4EFB-8EF9-EAACA0DA781E}"
EndProject
Global
	GlobalSection(SolutionConfigurationPlatforms) = preSolution
		Debug|x64 = Debug|x64
		Debug|x86 = Debug|x86
		Release|x64 = Release|x64
		Release|x86 = Release|x86
	EndGlobalSection
	GlobalSection(ProjectConfigurationPlatforms) = postSolution
		{232C8F48-48B2-4EFB-8EF9-EAACA0DA781E}.Debug|x64.ActiveCfg = Debug|x64
		{232C8F48-48B2-4EFB-8EF9-EAACA0DA781E}.Debug|x64.Build.0 = Debug|x64
		{232C8F48-48B2-4EFB-8EF9-EAACA0DA781E}.Debug|x86.ActiveCfg = Debug|Win32
		{232C8F48-48B2-4EFB-8EF9-EAACA0DA781E}.Debug|x86.Build.0 = Debug|Win32
		{232C8F48-48B2-4EFB-8EF9-EAACA0DA781E}.Release|x64.ActiveCfg = Release|x64
		{232C8F48-48B2-4EFB-8EF9-EAACA0DA781E}.Release|x64.Build.0 = Release|x64
		{232C8F48-48B2-4EFB-8EF9-EAACA0DA781E}.Release|x86.ActiveCfg = Release|Win32
		{232C8F48-48B2-4EFB-8EF9-EAACA0DA781E}.Release|x86.Build.0 = Release|Win32
	EndGlobalSection
	GlobalSection(SolutionProperties) = preSolution
		HideSolutionNode = FALSE
	EndGlobalSection
	GlobalSection(ExtensibilityGlobals) = postSolution
		SolutionGuid = {3351FA2D-2896-4616-B382-CD612D51BA91}
	EndGlobalSection
EndGlobal
